
Microsoft Visual Studio Solution File, Format Version 12.00
# Visual Studio 15
VisualStudioVersion = 15.0.28307.757
MinimumVisualStudioVersion = 10.0.40219.1
Project("{FAE04EC0-301F-11D3-BF4B-00C04F79EFBC}") = "ProyectoFinalSemestre", "ProyectoFinalSemestre\ProyectoFinalSemestre.csproj", "{1A858DCE-44CD-4385-9CDA-F54569C8A787}"
EndProject
Global
	GlobalSection(SolutionConfigurationPlatforms) = preSolution
		Debug|Any CPU = Debug|Any CPU
		Release|Any CPU = Release|Any CPU
	EndGlobalSection
	GlobalSection(ProjectConfigurationPlatforms) = postSolution
		{1A858DCE-44CD-4385-9CDA-F54569C8A787}.Debug|Any CPU.ActiveCfg = Debug|Any CPU
		{1A858DCE-44CD-4385-9CDA-F54569C8A787}.Debug|Any CPU.Build.0 = Debug|Any CPU
		{1A858DCE-44CD-4385-9CDA-F54569C8A787}.Release|Any CPU.ActiveCfg = Release|Any CPU
		{1A858DCE-44CD-4385-9CDA-F54569C8A787}.Release|Any CPU.Build.0 = Release|Any CPU
	EndGlobalSection
	GlobalSection(SolutionProperties) = preSolution
		HideSolutionNode = FALSE
	EndGlobalSection
	GlobalSection(ExtensibilityGlobals) = postSolution
		SolutionGuid = {BCA65334-EC33-40DE-BB54-863FD9E75E7E}
	EndGlobalSection
EndGlobal
